
Microsoft Visual Studio Solution File, Format Version 12.00
# Visual Studio 15
VisualStudioVersion = 15.0.27428.2015
MinimumVisualStudioVersion = 10.0.40219.1
Project("{FAE04EC0-301F-11D3-BF4B-00C04F79EFBC}") = "SportsStore.Domain", "SportsStore.Domain\SportsStore.Domain.csproj", "{2344312B-D370-436A-80E6-CCED65662E05}"
EndProject
Project("{FAE04EC0-301F-11D3-BF4B-00C04F79EFBC}") = "SportsStore.WebUI", "SportsStore.WebUI\SportsStore.WebUI.csproj", "{E288A5BB-2A30-4DA7-95B4-BCB9790649AE}"
EndProject
Project("{FAE04EC0-301F-11D3-BF4B-00C04F79EFBC}") = "SportsStore.UnitTests", "SportsStore.UnitTests\SportsStore.UnitTests.csproj", "{E394F7ED-E447-4991-9050-22D353B922FE}"
EndProject
Global
	GlobalSection(SolutionConfigurationPlatforms) = preSolution
		Debug|Any CPU = Debug|Any CPU
		Release|Any CPU = Release|Any CPU
	EndGlobalSection
	GlobalSection(ProjectConfigurationPlatforms) = postSolution
		{2344312B-D370-436A-80E6-CCED65662E05}.Debug|Any CPU.ActiveCfg = Debug|Any CPU
		{2344312B-D370-436A-80E6-CCED65662E05}.Debug|Any CPU.Build.0 = Debug|Any CPU
		{2344312B-D370-436A-80E6-CCED65662E05}.Release|Any CPU.ActiveCfg = Release|Any CPU
		{2344312B-D370-436A-80E6-CCED65662E05}.Release|Any CPU.Build.0 = Release|Any CPU
		{E288A5BB-2A30-4DA7-95B4-BCB9790649AE}.Debug|Any CPU.ActiveCfg = Debug|Any CPU
		{E288A5BB-2A30-4DA7-95B4-BCB9790649AE}.Debug|Any CPU.Build.0 = Debug|Any CPU
		{E288A5BB-2A30-4DA7-95B4-BCB9790649AE}.Release|Any CPU.ActiveCfg = Release|Any CPU
		{E288A5BB-2A30-4DA7-95B4-BCB9790649AE}.Release|Any CPU.Build.0 = Release|Any CPU
		{E394F7ED-E447-4991-9050-22D353B922FE}.Debug|Any CPU.ActiveCfg = Debug|Any CPU
		{E394F7ED-E447-4991-9050-22D353B922FE}.Debug|Any CPU.Build.0 = Debug|Any CPU
		{E394F7ED-E447-4991-9050-22D353B922FE}.Release|Any CPU.ActiveCfg = Release|Any CPU
		{E394F7ED-E447-4991-9050-22D353B922FE}.Release|Any CPU.Build.0 = Release|Any CPU
	EndGlobalSection
	GlobalSection(SolutionProperties) = preSolution
		HideSolutionNode = FALSE
	EndGlobalSection
	GlobalSection(ExtensibilityGlobals) = postSolution
		SolutionGuid = {974FDB25-656B-4D74-A7A3-B13FE154DBA5}
	EndGlobalSection
EndGlobal
